<?xml version="1.0" encoding="utf-8"?>
<Project ToolsVersion="4.0" xmlns="http://schemas.microsoft.com/developer/msbuild/2003">
  <ItemGroup>
    <Filter Include="include">
      <UniqueIdentifier>{f79240be-c84c-4c45-8574-41560765b2ab}</UniqueIdentifier>
    </Filter>
    <Filter Include="src">
      <UniqueIdentifier>{b5d5fc98-1508-4903-9ae6-b1ceb21e7962}</UniqueIdentifier>
    </Filter>
  </ItemGroup>
  <ItemGroup>
    <MASM Include="src\GateTrampolin.asm">
      <Filter>src</Filter>
    </MASM>
  </ItemGroup>
  <ItemGroup>
    <ClCompile Include="src\ProCess.c">
      <Filter>src</Filter>
    </ClCompile>
    <ClCompile Include="src\cJSON.c">
      <Filter>src</Filter>
    </ClCompile>
    <ClCompile Include="src\DataINT.c">
      <Filter>src</Filter>
    </ClCompile>
    <ClCompile Include="src\Entry.c">
      <Filter>src</Filter>
    </ClCompile>
  </ItemGroup>
  <ItemGroup>
    <ClInclude Include="include\Defines.h">
      <Filter>include</Filter>
    </ClInclude>
    <ClInclude Include="include\cJSON.h">
      <Filter>include</Filter>
    </ClInclude>
  </ItemGroup>
</Project>